// !$*UTF8*$!
{
	archiveVersion = 1;
	classes = {
	};
	objectVersion = 46;
	objects = {

/* Begin PBXBuildFile section */
		90BC22E79D10ED73B0CEB055 /* Pods_ProfilingDemo.framework in Frameworks */ = {isa = PBXBuildFile; fileRef = EE408B980DB4EB09D0FF21CA /* Pods_ProfilingDemo.framework */; };
		E8290BD71C088EF400AA184A /* AppDelegate.m in Sources */ = {isa = PBXBuildFile; fileRef = E8290BCC1C088EF400AA184A /* AppDelegate.m */; };
		E8290BD81C088EF400AA184A /* Assets.xcassets in Resources */ = {isa = PBXBuildFile; fileRef = E8290BCD1C088EF400AA184A /* Assets.xcassets */; };
		E8290BD91C088EF400AA184A /* LaunchScreen.storyboard in Resources */ = {isa = PBXBuildFile; fileRef = E8290BCE1C088EF400AA184A /* LaunchScreen.storyboard */; };
		E8290BDA1C088EF400AA184A /* Main.storyboard in Resources */ = {isa = PBXBuildFile; fileRef = E8290BD01C088EF400AA184A /* Main.storyboard */; };
		E8290BDD1C088EF400AA184A /* main.m in Sources */ = {isa = PBXBuildFile; fileRef = E8290BD41C088EF400AA184A /* main.m */; };
		E8290BDE1C088EF400AA184A /* ViewController.m in Sources */ = {isa = PBXBuildFile; fileRef = E8290BD61C088EF400AA184A /* ViewController.m */; };
/* End PBXBuildFile section */

/* Begin PBXCopyFilesBuildPhase section */
		C5FAE9031CBF91950070BDAA /* CopyFiles */ = {
			isa = PBXCopyFilesBuildPhase;
			buildActionMask = 2147483647;
			dstPath = "";
			dstSubfolderSpec = 10;
			files = (
			);
			runOnlyForDeploymentPostprocessing = 0;
		};
/* End PBXCopyFilesBuildPhase section */

/* Begin PBXFileReference section */
		4182FF5D2A66D419C25A7B9A /* Pods-ProfilingDemo.debug.xcconfig */ = {isa = PBXFileReference; includeInIndex = 1; lastKnownFileType = text.xcconfig; name = "Pods-ProfilingDemo.debug.xcconfig"; path = "Pods/Target Support Files/Pods-ProfilingDemo/Pods-ProfilingDemo.debug.xcconfig"; sourceTree = "<group>"; };
		B8B997501BE3FB9600C0ABCE /* ProfilingDemo.app */ = {isa = PBXFileReference; explicitFileType = wrapper.application; includeInIndex = 0; path = ProfilingDemo.app; sourceTree = BUILT_PRODUCTS_DIR; };
		DA5688A0D3EAE7FB532ABC52 /* Pods-ProfilingDemo.release.xcconfig */ = {isa = PBXFileReference; includeInIndex = 1; lastKnownFileType = text.xcconfig; name = "Pods-ProfilingDemo.release.xcconfig"; path = "Pods/Target Support Files/Pods-ProfilingDemo/Pods-ProfilingDemo.release.xcconfig"; sourceTree = "<group>"; };
		E8290BCB1C088EF400AA184A /* AppDelegate.h */ = {isa = PBXFileReference; fileEncoding = 4; lastKnownFileType = sourcecode.c.h; path = AppDelegate.h; sourceTree = "<group>"; };
		E8290BCC1C088EF400AA184A /* AppDelegate.m */ = {isa = PBXFileReference; fileEncoding = 4; lastKnownFileType = sourcecode.c.objc; path = AppDelegate.m; sourceTree = "<group>"; };
		E8290BCD1C088EF400AA184A /* Assets.xcassets */ = {isa = PBXFileReference; lastKnownFileType = folder.assetcatalog; path = Assets.xcassets; sourceTree = "<group>"; };
		E8290BCF1C088EF400AA184A /* Base */ = {isa = PBXFileReference; lastKnownFileType = file.storyboard; name = Base; path = Base.lproj/LaunchScreen.storyboard; sourceTree = "<group>"; };
		E8290BD11C088EF400AA184A /* Base */ = {isa = PBXFileReference; lastKnownFileType = file.storyboard; name = Base; path = Base.lproj/Main.storyboard; sourceTree = "<group>"; };
		E8290BD31C088EF400AA184A /* Info.plist */ = {isa = PBXFileReference; fileEncoding = 4; lastKnownFileType = text.plist.xml; path = Info.plist; sourceTree = "<group>"; };
		E8290BD41C088EF400AA184A /* main.m */ = {isa = PBXFileReference; fileEncoding = 4; lastKnownFileType = sourcecode.c.objc; path = main.m; sourceTree = "<group>"; };
		E8290BD51C088EF400AA184A /* ViewController.h */ = {isa = PBXFileReference; fileEncoding = 4; lastKnownFileType = sourcecode.c.h; path = ViewController.h; sourceTree = "<group>"; };
		E8290BD61C088EF400AA184A /* ViewController.m */ = {isa = PBXFileReference; fileEncoding = 4; lastKnownFileType = sourcecode.c.objc; path = ViewController.m; sourceTree = "<group>"; };
		E8466D761DBA2075000BC032 /* ProfilingDemo.entitlements */ = {isa = PBXFileReference; lastKnownFileType = text.plist.entitlements; path = ProfilingDemo.entitlements; sourceTree = "<group>"; };
		EE408B980DB4EB09D0FF21CA /* Pods_ProfilingDemo.framework */ = {isa = PBXFileReference; explicitFileType = wrapper.framework; includeInIndex = 0; path = Pods_ProfilingDemo.framework; sourceTree = BUILT_PRODUCTS_DIR; };
/* End PBXFileReference section */

/* Begin PBXFrameworksBuildPhase section */
		B8B9974D1BE3FB9600C0ABCE /* Frameworks */ = {
			isa = PBXFrameworksBuildPhase;
			buildActionMask = 2147483647;
			files = (
				90BC22E79D10ED73B0CEB055 /* Pods_ProfilingDemo.framework in Frameworks */,
			);
			runOnlyForDeploymentPostprocessing = 0;
		};
/* End PBXFrameworksBuildPhase section */

/* Begin PBXGroup section */
		7A9E7CC60895A8EBE9BCC24C /* Frameworks */ = {
			isa = PBXGroup;
			children = (
				EE408B980DB4EB09D0FF21CA /* Pods_ProfilingDemo.framework */,
			);
			name = Frameworks;
			sourceTree = "<group>";
		};
		8D76B34B92C70BEA4F44C735 /* Pods */ = {
			isa = PBXGroup;
			children = (
				4182FF5D2A66D419C25A7B9A /* Pods-ProfilingDemo.debug.xcconfig */,
				DA5688A0D3EAE7FB532ABC52 /* Pods-ProfilingDemo.release.xcconfig */,
			);
			name = Pods;
			sourceTree = "<group>";
		};
		B8B997471BE3FB9600C0ABCE = {
			isa = PBXGroup;
			children = (
				E8290BCA1C088EF400AA184A /* ProfilingDemo */,
				B8B997511BE3FB9600C0ABCE /* Products */,
				8D76B34B92C70BEA4F44C735 /* Pods */,
				7A9E7CC60895A8EBE9BCC24C /* Frameworks */,
			);
			sourceTree = "<group>";
		};
		B8B997511BE3FB9600C0ABCE /* Products */ = {
			isa = PBXGroup;
			children = (
				B8B997501BE3FB9600C0ABCE /* ProfilingDemo.app */,
			);
			name = Products;
			sourceTree = "<group>";
		};
		E8290BCA1C088EF400AA184A /* ProfilingDemo */ = {
			isa = PBXGroup;
			children = (
				E8466D761DBA2075000BC032 /* ProfilingDemo.entitlements */,
				E8290BCB1C088EF400AA184A /* AppDelegate.h */,
				E8290BCC1C088EF400AA184A /* AppDelegate.m */,
				E8290BD51C088EF400AA184A /* ViewController.h */,
				E8290BD61C088EF400AA184A /* ViewController.m */,
				E8290BCD1C088EF400AA184A /* Assets.xcassets */,
				E8290BCE1C088EF400AA184A /* LaunchScreen.storyboard */,
				E8290BD01C088EF400AA184A /* Main.storyboard */,
				E8290BD31C088EF400AA184A /* Info.plist */,
				E8290BD41C088EF400AA184A /* main.m */,
			);
			path = ProfilingDemo;
			sourceTree = "<group>";
		};
/* End PBXGroup section */

/* Begin PBXNativeTarget section */
		B8B9974F1BE3FB9600C0ABCE /* ProfilingDemo */ = {
			isa = PBXNativeTarget;
			buildConfigurationList = B8B997671BE3FB9600C0ABCE /* Build configuration list for PBXNativeTarget "ProfilingDemo" */;
			buildPhases = (
				83E5DC5F8ABE2A00F1665E06 /* [CP] Check Pods Manifest.lock */,
				B8B9974C1BE3FB9600C0ABCE /* Sources */,
				B8B9974D1BE3FB9600C0ABCE /* Frameworks */,
				B8B9974E1BE3FB9600C0ABCE /* Resources */,
				C5FAE9031CBF91950070BDAA /* CopyFiles */,
				73991E9A0F4E66ADDDC1764D /* [CP] Embed Pods Frameworks */,
				1E90B6143D4289597230E976 /* [CP] Copy Pods Resources */,
			);
			buildRules = (
			);
			dependencies = (
			);
			name = ProfilingDemo;
			productName = EventDemo;
			productReference = B8B997501BE3FB9600C0ABCE /* ProfilingDemo.app */;
			productType = "com.apple.product-type.application";
		};
/* End PBXNativeTarget section */

/* Begin PBXProject section */
		B8B997481BE3FB9600C0ABCE /* Project object */ = {
			isa = PBXProject;
			attributes = {
				LastUpgradeCheck = 0800;
				ORGANIZATIONNAME = "CYBERVISION INC";
				TargetAttributes = {
					B8B9974F1BE3FB9600C0ABCE = {
						CreatedOnToolsVersion = 7.0.1;
						DevelopmentTeam = TVMFX8XPT9;
						SystemCapabilities = {
							com.apple.Keychain = {
								enabled = 1;
							};
						};
					};
				};
			};
			buildConfigurationList = B8B9974B1BE3FB9600C0ABCE /* Build configuration list for PBXProject "ProfilingDemo" */;
			compatibilityVersion = "Xcode 3.2";
			developmentRegion = English;
			hasScannedForEncodings = 0;
			knownRegions = (
				en,
				Base,
			);
			mainGroup = B8B997471BE3FB9600C0ABCE;
			productRefGroup = B8B997511BE3FB9600C0ABCE /* Products */;
			projectDirPath = "";
			projectRoot = "";
			targets = (
				B8B9974F1BE3FB9600C0ABCE /* ProfilingDemo */,
			);
		};
/* End PBXProject section */

/* Begin PBXResourcesBuildPhase section */
		B8B9974E1BE3FB9600C0ABCE /* Resources */ = {
			isa = PBXResourcesBuildPhase;
			buildActionMask = 2147483647;
			files = (
				E8290BDA1C088EF400AA184A /* Main.storyboard in Resources */,
				E8290BD81C088EF400AA184A /* Assets.xcassets in Resources */,
				E8290BD91C088EF400AA184A /* LaunchScreen.storyboard in Resources */,
			);
			runOnlyForDeploymentPostprocessing = 0;
		};
/* End PBXResourcesBuildPhase section */

/* Begin PBXShellScriptBuildPhase section */
		1E90B6143D4289597230E976 /* [CP] Copy Pods Resources */ = {
			isa = PBXShellScriptBuildPhase;
			buildActionMask = 2147483647;
			files = (
			);
			inputPaths = (
			);
			name = "[CP] Copy Pods Resources";
			outputPaths = (
			);
			runOnlyForDeploymentPostprocessing = 0;
			shellPath = /bin/sh;
			shellScript = "\"${SRCROOT}/Pods/Target Support Files/Pods-ProfilingDemo/Pods-ProfilingDemo-resources.sh\"\n";
			showEnvVarsInLog = 0;
		};
		73991E9A0F4E66ADDDC1764D /* [CP] Embed Pods Frameworks */ = {
			isa = PBXShellScriptBuildPhase;
			buildActionMask = 2147483647;
			files = (
			);
			inputPaths = (
			);
			name = "[CP] Embed Pods Frameworks";
			outputPaths = (
			);
			runOnlyForDeploymentPostprocessing = 0;
			shellPath = /bin/sh;
			shellScript = "\"${SRCROOT}/Pods/Target Support Files/Pods-ProfilingDemo/Pods-ProfilingDemo-frameworks.sh\"\n";
			showEnvVarsInLog = 0;
		};
		83E5DC5F8ABE2A00F1665E06 /* [CP] Check Pods Manifest.lock */ = {
			isa = PBXShellScriptBuildPhase;
			buildActionMask = 2147483647;
			files = (
			);
			inputPaths = (
			);
			name = "[CP] Check Pods Manifest.lock";
			outputPaths = (
			);
			runOnlyForDeploymentPostprocessing = 0;
			shellPath = /bin/sh;
			shellScript = "diff \"${PODS_ROOT}/../Podfile.lock\" \"${PODS_ROOT}/Manifest.lock\" > /dev/null\nif [ $? != 0 ] ; then\n    # print error to STDERR\n    echo \"error: The sandbox is not in sync with the Podfile.lock. Run 'pod install' or update your CocoaPods installation.\" >&2\n    exit 1\nfi\n";
			showEnvVarsInLog = 0;
		};
/* End PBXShellScriptBuildPhase section */

/* Begin PBXSourcesBuildPhase section */
		B8B9974C1BE3FB9600C0ABCE /* Sources */ = {
			isa = PBXSourcesBuildPhase;
			buildActionMask = 2147483647;
			files = (
				E8290BDE1C088EF400AA184A /* ViewController.m in Sources */,
				E8290BDD1C088EF400AA184A /* main.m in Sources */,
				E8290BD71C088EF400AA184A /* AppDelegate.m in Sources */,
			);
			runOnlyForDeploymentPostprocessing = 0;
		};
/* End PBXSourcesBuildPhase section */

/* Begin PBXVariantGroup section */
		E8290BCE1C088EF400AA184A /* LaunchScreen.storyboard */ = {
			isa = PBXVariantGroup;
			children = (
				E8290BCF1C088EF400AA184A /* Base */,
			);
			name = LaunchScreen.storyboard;
			sourceTree = "<group>";
		};
		E8290BD01C088EF400AA184A /* Main.storyboard */ = {
			isa = PBXVariantGroup;
			children = (
				E8290BD11C088EF400AA184A /* Base */,
			);
			name = Main.storyboard;
			sourceTree = "<group>";
		};
/* End PBXVariantGroup section */

/* Begin XCBuildConfiguration section */
		B8B997651BE3FB9600C0ABCE /* Debug */ = {
			isa = XCBuildConfiguration;
			buildSettings = {
				ALWAYS_SEARCH_USER_PATHS = NO;
				CLANG_ALLOW_NON_MODULAR_INCLUDES_IN_FRAMEWORK_MODULES = YES;
				CLANG_CXX_LANGUAGE_STANDARD = "gnu++0x";
				CLANG_CXX_LIBRARY = "libc++";
				CLANG_ENABLE_MODULES = YES;
				CLANG_ENABLE_OBJC_ARC = YES;
				CLANG_WARN_BOOL_CONVERSION = YES;
				CLANG_WARN_CONSTANT_CONVERSION = YES;
				CLANG_WARN_DIRECT_OBJC_ISA_USAGE = YES_ERROR;
				CLANG_WARN_EMPTY_BODY = YES;
				CLANG_WARN_ENUM_CONVERSION = YES;
				CLANG_WARN_INFINITE_RECURSION = YES;
				CLANG_WARN_INT_CONVERSION = YES;
				CLANG_WARN_OBJC_ROOT_CLASS = YES_ERROR;
				CLANG_WARN_SUSPICIOUS_MOVE = YES;
				CLANG_WARN_UNREACHABLE_CODE = YES;
				CLANG_WARN__DUPLICATE_METHOD_MATCH = YES;
				"CODE_SIGN_IDENTITY[sdk=iphoneos*]" = "iPhone Developer";
				COPY_PHASE_STRIP = NO;
				DEBUG_INFORMATION_FORMAT = dwarf;
				ENABLE_STRICT_OBJC_MSGSEND = YES;
				ENABLE_TESTABILITY = YES;
				GCC_C_LANGUAGE_STANDARD = gnu99;
				GCC_DYNAMIC_NO_PIC = NO;
				GCC_NO_COMMON_BLOCKS = YES;
				GCC_OPTIMIZATION_LEVEL = 0;
				GCC_PREPROCESSOR_DEFINITIONS = (
					"DEBUG=1",
					"$(inherited)",
				);
				GCC_WARN_64_TO_32_BIT_CONVERSION = YES;
				GCC_WARN_ABOUT_RETURN_TYPE = YES_ERROR;
				GCC_WARN_UNDECLARED_SELECTOR = YES;
				GCC_WARN_UNINITIALIZED_AUTOS = YES_AGGRESSIVE;
				GCC_WARN_UNUSED_FUNCTION = YES;
				GCC_WARN_UNUSED_VARIABLE = YES;
				IPHONEOS_DEPLOYMENT_TARGET = 9.0;
				MTL_ENABLE_DEBUG_INFO = YES;
				ONLY_ACTIVE_ARCH = YES;
				SDKROOT = iphoneos;
			};
			name = Debug;
		};
		B8B997661BE3FB9600C0ABCE /* Release */ = {
			isa = XCBuildConfiguration;
			buildSettings = {
				ALWAYS_SEARCH_USER_PATHS = NO;
				CLANG_ALLOW_NON_MODULAR_INCLUDES_IN_FRAMEWORK_MODULES = YES;
				CLANG_CXX_LANGUAGE_STANDARD = "gnu++0x";
				CLANG_CXX_LIBRARY = "libc++";
				CLANG_ENABLE_MODULES = YES;
				CLANG_ENABLE_OBJC_ARC = YES;
				CLANG_WARN_BOOL_CONVERSION = YES;
				CLANG_WARN_CONSTANT_CONVERSION = YES;
				CLANG_WARN_DIRECT_OBJC_ISA_USAGE = YES_ERROR;
				CLANG_WARN_EMPTY_BODY = YES;
				CLANG_WARN_ENUM_CONVERSION = YES;
				CLANG_WARN_INFINITE_RECURSION = YES;
				CLANG_WARN_INT_CONVERSION = YES;
				CLANG_WARN_OBJC_ROOT_CLASS = YES_ERROR;
				CLANG_WARN_SUSPICIOUS_MOVE = YES;
				CLANG_WARN_UNREACHABLE_CODE = YES;
				CLANG_WARN__DUPLICATE_METHOD_MATCH = YES;
				"CODE_SIGN_IDENTITY[sdk=iphoneos*]" = "iPhone Developer";
				COPY_PHASE_STRIP = NO;
				DEBUG_INFORMATION_FORMAT = "dwarf-with-dsym";
				ENABLE_NS_ASSERTIONS = NO;
				ENABLE_STRICT_OBJC_MSGSEND = YES;
				GCC_C_LANGUAGE_STANDARD = gnu99;
				GCC_NO_COMMON_BLOCKS = YES;
				GCC_WARN_64_TO_32_BIT_CONVERSION = YES;
				GCC_WARN_ABOUT_RETURN_TYPE = YES_ERROR;
				GCC_WARN_UNDECLARED_SELECTOR = YES;
				GCC_WARN_UNINITIALIZED_AUTOS = YES_AGGRESSIVE;
				GCC_WARN_UNUSED_FUNCTION = YES;
				GCC_WARN_UNUSED_VARIABLE = YES;
				IPHONEOS_DEPLOYMENT_TARGET = 9.0;
				MTL_ENABLE_DEBUG_INFO = NO;
				SDKROOT = iphoneos;
				VALIDATE_PRODUCT = YES;
			};
			name = Release;
		};
		B8B997681BE3FB9600C0ABCE /* Debug */ = {
			isa = XCBuildConfiguration;
			baseConfigurationReference = 4182FF5D2A66D419C25A7B9A /* Pods-ProfilingDemo.debug.xcconfig */;
			buildSettings = {
				CODE_SIGN_ENTITLEMENTS = ProfilingDemo/ProfilingDemo.entitlements;
				CODE_SIGN_IDENTITY = "iPhone Developer";
				"CODE_SIGN_IDENTITY[sdk=iphoneos*]" = "iPhone Developer";
				HEADER_SEARCH_PATHS = "$(BUILT_PRODUCTS_DIR)/**";
				INFOPLIST_FILE = "$(SRCROOT)/ProfilingDemo/Info.plist";
				LD_RUNPATH_SEARCH_PATHS = "$(inherited) @executable_path/Frameworks";
				PRODUCT_BUNDLE_IDENTIFIER = org.kaaproject.ProfilingDemo;
				PRODUCT_NAME = ProfilingDemo;
				PROVISIONING_PROFILE = "";
			};
			name = Debug;
		};
		B8B997691BE3FB9600C0ABCE /* Release */ = {
			isa = XCBuildConfiguration;
			baseConfigurationReference = DA5688A0D3EAE7FB532ABC52 /* Pods-ProfilingDemo.release.xcconfig */;
			buildSettings = {
				CODE_SIGN_ENTITLEMENTS = ProfilingDemo/ProfilingDemo.entitlements;
				CODE_SIGN_IDENTITY = "iPhone Developer";
				"CODE_SIGN_IDENTITY[sdk=iphoneos*]" = "iPhone Developer";
				HEADER_SEARCH_PATHS = "$(BUILT_PRODUCTS_DIR)/**";
				INFOPLIST_FILE = "$(SRCROOT)/ProfilingDemo/Info.plist";
				LD_RUNPATH_SEARCH_PATHS = "$(inherited) @executable_path/Frameworks";
				PRODUCT_BUNDLE_IDENTIFIER = org.kaaproject.ProfilingDemo;
				PRODUCT_NAME = ProfilingDemo;
				PROVISIONING_PROFILE = "";
			};
			name = Release;
		};
/* End XCBuildConfiguration section */

/* Begin XCConfigurationList section */
		B8B9974B1BE3FB9600C0ABCE /* Build configuration list for PBXProject "ProfilingDemo" */ = {
			isa = XCConfigurationList;
			buildConfigurations = (
				B8B997651BE3FB9600C0ABCE /* Debug */,
				B8B997661BE3FB9600C0ABCE /* Release */,
			);
			defaultConfigurationIsVisible = 0;
			defaultConfigurationName = Release;
		};
		B8B997671BE3FB9600C0ABCE /* Build configuration list for PBXNativeTarget "ProfilingDemo" */ = {
			isa = XCConfigurationList;
			buildConfigurations = (
				B8B997681BE3FB9600C0ABCE /* Debug */,
				B8B997691BE3FB9600C0ABCE /* Release */,
			);
			defaultConfigurationIsVisible = 0;
			defaultConfigurationName = Release;
		};
/* End XCConfigurationList section */
	};
	rootObject = B8B997481BE3FB9600C0ABCE /* Project object */;
}
