// !$*UTF8*$!
{
	archiveVersion = 1;
	classes = {
	};
	objectVersion = 46;
	objects = {

/* Begin PBXBuildFile section */
		E8290AD41C08845700AA184A /* AppDelegate.m in Sources */ = {isa = PBXBuildFile; fileRef = E8290AC91C08845700AA184A /* AppDelegate.m */; };
		E8290AD51C08845700AA184A /* Assets.xcassets in Resources */ = {isa = PBXBuildFile; fileRef = E8290ACA1C08845700AA184A /* Assets.xcassets */; };
		E8290AD61C08845700AA184A /* LaunchScreen.storyboard in Resources */ = {isa = PBXBuildFile; fileRef = E8290ACB1C08845700AA184A /* LaunchScreen.storyboard */; };
		E8290AD71C08845700AA184A /* Main.storyboard in Resources */ = {isa = PBXBuildFile; fileRef = E8290ACD1C08845700AA184A /* Main.storyboard */; };
		E8290ADA1C08845700AA184A /* main.m in Sources */ = {isa = PBXBuildFile; fileRef = E8290AD11C08845700AA184A /* main.m */; };
		E8290ADB1C08845700AA184A /* ViewController.m in Sources */ = {isa = PBXBuildFile; fileRef = E8290AD31C08845700AA184A /* ViewController.m */; };
		F46B476C1A5186FF47E12FEC /* Pods_NotificationDemo.framework in Frameworks */ = {isa = PBXBuildFile; fileRef = A32A6873F5007DD460AF1162 /* Pods_NotificationDemo.framework */; };
/* End PBXBuildFile section */

/* Begin PBXCopyFilesBuildPhase section */
		C56924621CC13E170057417B /* CopyFiles */ = {
			isa = PBXCopyFilesBuildPhase;
			buildActionMask = 2147483647;
			dstPath = "";
			dstSubfolderSpec = 10;
			files = (
			);
			runOnlyForDeploymentPostprocessing = 0;
		};
/* End PBXCopyFilesBuildPhase section */

/* Begin PBXFileReference section */
		641940E3A15483418D47EC72 /* Pods-NotificationDemo.release.xcconfig */ = {isa = PBXFileReference; includeInIndex = 1; lastKnownFileType = text.xcconfig; name = "Pods-NotificationDemo.release.xcconfig"; path = "Pods/Target Support Files/Pods-NotificationDemo/Pods-NotificationDemo.release.xcconfig"; sourceTree = "<group>"; };
		7DF418781586C31B595FA22D /* Pods-NotificationDemo.debug.xcconfig */ = {isa = PBXFileReference; includeInIndex = 1; lastKnownFileType = text.xcconfig; name = "Pods-NotificationDemo.debug.xcconfig"; path = "Pods/Target Support Files/Pods-NotificationDemo/Pods-NotificationDemo.debug.xcconfig"; sourceTree = "<group>"; };
		A32A6873F5007DD460AF1162 /* Pods_NotificationDemo.framework */ = {isa = PBXFileReference; explicitFileType = wrapper.framework; includeInIndex = 0; path = Pods_NotificationDemo.framework; sourceTree = BUILT_PRODUCTS_DIR; };
		B8B997501BE3FB9600C0ABCE /* NotificationDemo.app */ = {isa = PBXFileReference; explicitFileType = wrapper.application; includeInIndex = 0; path = NotificationDemo.app; sourceTree = BUILT_PRODUCTS_DIR; };
		E8290AC81C08845700AA184A /* AppDelegate.h */ = {isa = PBXFileReference; fileEncoding = 4; lastKnownFileType = sourcecode.c.h; path = AppDelegate.h; sourceTree = "<group>"; };
		E8290AC91C08845700AA184A /* AppDelegate.m */ = {isa = PBXFileReference; fileEncoding = 4; lastKnownFileType = sourcecode.c.objc; path = AppDelegate.m; sourceTree = "<group>"; };
		E8290ACA1C08845700AA184A /* Assets.xcassets */ = {isa = PBXFileReference; lastKnownFileType = folder.assetcatalog; path = Assets.xcassets; sourceTree = "<group>"; };
		E8290ACC1C08845700AA184A /* Base */ = {isa = PBXFileReference; lastKnownFileType = file.storyboard; name = Base; path = Base.lproj/LaunchScreen.storyboard; sourceTree = "<group>"; };
		E8290ACE1C08845700AA184A /* Base */ = {isa = PBXFileReference; lastKnownFileType = file.storyboard; name = Base; path = Base.lproj/Main.storyboard; sourceTree = "<group>"; };
		E8290AD01C08845700AA184A /* Info.plist */ = {isa = PBXFileReference; fileEncoding = 4; lastKnownFileType = text.plist.xml; path = Info.plist; sourceTree = "<group>"; };
		E8290AD11C08845700AA184A /* main.m */ = {isa = PBXFileReference; fileEncoding = 4; lastKnownFileType = sourcecode.c.objc; path = main.m; sourceTree = "<group>"; };
		E8290AD21C08845700AA184A /* ViewController.h */ = {isa = PBXFileReference; fileEncoding = 4; lastKnownFileType = sourcecode.c.h; path = ViewController.h; sourceTree = "<group>"; };
		E8290AD31C08845700AA184A /* ViewController.m */ = {isa = PBXFileReference; fileEncoding = 4; lastKnownFileType = sourcecode.c.objc; path = ViewController.m; sourceTree = "<group>"; };
/* End PBXFileReference section */

/* Begin PBXFrameworksBuildPhase section */
		B8B9974D1BE3FB9600C0ABCE /* Frameworks */ = {
			isa = PBXFrameworksBuildPhase;
			buildActionMask = 2147483647;
			files = (
				F46B476C1A5186FF47E12FEC /* Pods_NotificationDemo.framework in Frameworks */,
			);
			runOnlyForDeploymentPostprocessing = 0;
		};
/* End PBXFrameworksBuildPhase section */

/* Begin PBXGroup section */
		2A873D657906995A9A6AD545 /* Pods */ = {
			isa = PBXGroup;
			children = (
				7DF418781586C31B595FA22D /* Pods-NotificationDemo.debug.xcconfig */,
				641940E3A15483418D47EC72 /* Pods-NotificationDemo.release.xcconfig */,
			);
			name = Pods;
			sourceTree = "<group>";
		};
		8C18F7E1F5B539990411E94A /* Frameworks */ = {
			isa = PBXGroup;
			children = (
				A32A6873F5007DD460AF1162 /* Pods_NotificationDemo.framework */,
			);
			name = Frameworks;
			sourceTree = "<group>";
		};
		B8B997471BE3FB9600C0ABCE = {
			isa = PBXGroup;
			children = (
				E8290AC71C08845700AA184A /* NotificationDemo */,
				B8B997511BE3FB9600C0ABCE /* Products */,
				2A873D657906995A9A6AD545 /* Pods */,
				8C18F7E1F5B539990411E94A /* Frameworks */,
			);
			sourceTree = "<group>";
		};
		B8B997511BE3FB9600C0ABCE /* Products */ = {
			isa = PBXGroup;
			children = (
				B8B997501BE3FB9600C0ABCE /* NotificationDemo.app */,
			);
			name = Products;
			sourceTree = "<group>";
		};
		E8290AC71C08845700AA184A /* NotificationDemo */ = {
			isa = PBXGroup;
			children = (
				E8290AC81C08845700AA184A /* AppDelegate.h */,
				E8290AC91C08845700AA184A /* AppDelegate.m */,
				E8290AD21C08845700AA184A /* ViewController.h */,
				E8290AD31C08845700AA184A /* ViewController.m */,
				E8290ACA1C08845700AA184A /* Assets.xcassets */,
				E8290ACB1C08845700AA184A /* LaunchScreen.storyboard */,
				E8290ACD1C08845700AA184A /* Main.storyboard */,
				E8290AD01C08845700AA184A /* Info.plist */,
				E8290AD11C08845700AA184A /* main.m */,
			);
			path = NotificationDemo;
			sourceTree = "<group>";
		};
/* End PBXGroup section */

/* Begin PBXNativeTarget section */
		B8B9974F1BE3FB9600C0ABCE /* NotificationDemo */ = {
			isa = PBXNativeTarget;
			buildConfigurationList = B8B997671BE3FB9600C0ABCE /* Build configuration list for PBXNativeTarget "NotificationDemo" */;
			buildPhases = (
				1B2F1C7DD15888F5CB29D6D8 /* [CP] Check Pods Manifest.lock */,
				B8B9974C1BE3FB9600C0ABCE /* Sources */,
				B8B9974D1BE3FB9600C0ABCE /* Frameworks */,
				B8B9974E1BE3FB9600C0ABCE /* Resources */,
				C56924621CC13E170057417B /* CopyFiles */,
				549C1A03014373365A86CA2A /* [CP] Embed Pods Frameworks */,
				8FF3A75E231F3DF60130F051 /* [CP] Copy Pods Resources */,
			);
			buildRules = (
			);
			dependencies = (
			);
			name = NotificationDemo;
			productName = EventDemo;
			productReference = B8B997501BE3FB9600C0ABCE /* NotificationDemo.app */;
			productType = "com.apple.product-type.application";
		};
/* End PBXNativeTarget section */

/* Begin PBXProject section */
		B8B997481BE3FB9600C0ABCE /* Project object */ = {
			isa = PBXProject;
			attributes = {
				LastUpgradeCheck = 0700;
				ORGANIZATIONNAME = "CYBERVISION INC";
				TargetAttributes = {
					B8B9974F1BE3FB9600C0ABCE = {
						CreatedOnToolsVersion = 7.0.1;
					};
				};
			};
			buildConfigurationList = B8B9974B1BE3FB9600C0ABCE /* Build configuration list for PBXProject "NotificationDemo" */;
			compatibilityVersion = "Xcode 3.2";
			developmentRegion = English;
			hasScannedForEncodings = 0;
			knownRegions = (
				en,
				Base,
			);
			mainGroup = B8B997471BE3FB9600C0ABCE;
			productRefGroup = B8B997511BE3FB9600C0ABCE /* Products */;
			projectDirPath = "";
			projectRoot = "";
			targets = (
				B8B9974F1BE3FB9600C0ABCE /* NotificationDemo */,
			);
		};
/* End PBXProject section */

/* Begin PBXResourcesBuildPhase section */
		B8B9974E1BE3FB9600C0ABCE /* Resources */ = {
			isa = PBXResourcesBuildPhase;
			buildActionMask = 2147483647;
			files = (
				E8290AD71C08845700AA184A /* Main.storyboard in Resources */,
				E8290AD51C08845700AA184A /* Assets.xcassets in Resources */,
				E8290AD61C08845700AA184A /* LaunchScreen.storyboard in Resources */,
			);
			runOnlyForDeploymentPostprocessing = 0;
		};
/* End PBXResourcesBuildPhase section */

/* Begin PBXShellScriptBuildPhase section */
		1B2F1C7DD15888F5CB29D6D8 /* [CP] Check Pods Manifest.lock */ = {
			isa = PBXShellScriptBuildPhase;
			buildActionMask = 2147483647;
			files = (
			);
			inputPaths = (
			);
			name = "[CP] Check Pods Manifest.lock";
			outputPaths = (
			);
			runOnlyForDeploymentPostprocessing = 0;
			shellPath = /bin/sh;
			shellScript = "diff \"${PODS_ROOT}/../Podfile.lock\" \"${PODS_ROOT}/Manifest.lock\" > /dev/null\nif [[ $? != 0 ]] ; then\n    cat << EOM\nerror: The sandbox is not in sync with the Podfile.lock. Run 'pod install' or update your CocoaPods installation.\nEOM\n    exit 1\nfi\n";
			showEnvVarsInLog = 0;
		};
		549C1A03014373365A86CA2A /* [CP] Embed Pods Frameworks */ = {
			isa = PBXShellScriptBuildPhase;
			buildActionMask = 2147483647;
			files = (
			);
			inputPaths = (
			);
			name = "[CP] Embed Pods Frameworks";
			outputPaths = (
			);
			runOnlyForDeploymentPostprocessing = 0;
			shellPath = /bin/sh;
			shellScript = "\"${SRCROOT}/Pods/Target Support Files/Pods-NotificationDemo/Pods-NotificationDemo-frameworks.sh\"\n";
			showEnvVarsInLog = 0;
		};
		8FF3A75E231F3DF60130F051 /* [CP] Copy Pods Resources */ = {
			isa = PBXShellScriptBuildPhase;
			buildActionMask = 2147483647;
			files = (
			);
			inputPaths = (
			);
			name = "[CP] Copy Pods Resources";
			outputPaths = (
			);
			runOnlyForDeploymentPostprocessing = 0;
			shellPath = /bin/sh;
			shellScript = "\"${SRCROOT}/Pods/Target Support Files/Pods-NotificationDemo/Pods-NotificationDemo-resources.sh\"\n";
			showEnvVarsInLog = 0;
		};
/* End PBXShellScriptBuildPhase section */

/* Begin PBXSourcesBuildPhase section */
		B8B9974C1BE3FB9600C0ABCE /* Sources */ = {
			isa = PBXSourcesBuildPhase;
			buildActionMask = 2147483647;
			files = (
				E8290ADB1C08845700AA184A /* ViewController.m in Sources */,
				E8290ADA1C08845700AA184A /* main.m in Sources */,
				E8290AD41C08845700AA184A /* AppDelegate.m in Sources */,
			);
			runOnlyForDeploymentPostprocessing = 0;
		};
/* End PBXSourcesBuildPhase section */

/* Begin PBXVariantGroup section */
		E8290ACB1C08845700AA184A /* LaunchScreen.storyboard */ = {
			isa = PBXVariantGroup;
			children = (
				E8290ACC1C08845700AA184A /* Base */,
			);
			name = LaunchScreen.storyboard;
			sourceTree = "<group>";
		};
		E8290ACD1C08845700AA184A /* Main.storyboard */ = {
			isa = PBXVariantGroup;
			children = (
				E8290ACE1C08845700AA184A /* Base */,
			);
			name = Main.storyboard;
			sourceTree = "<group>";
		};
/* End PBXVariantGroup section */

/* Begin XCBuildConfiguration section */
		B8B997651BE3FB9600C0ABCE /* Debug */ = {
			isa = XCBuildConfiguration;
			buildSettings = {
				ALWAYS_SEARCH_USER_PATHS = NO;
				CLANG_ALLOW_NON_MODULAR_INCLUDES_IN_FRAMEWORK_MODULES = YES;
				CLANG_CXX_LANGUAGE_STANDARD = "gnu++0x";
				CLANG_CXX_LIBRARY = "libc++";
				CLANG_ENABLE_MODULES = YES;
				CLANG_ENABLE_OBJC_ARC = YES;
				CLANG_WARN_BOOL_CONVERSION = YES;
				CLANG_WARN_CONSTANT_CONVERSION = YES;
				CLANG_WARN_DIRECT_OBJC_ISA_USAGE = YES_ERROR;
				CLANG_WARN_EMPTY_BODY = YES;
				CLANG_WARN_ENUM_CONVERSION = YES;
				CLANG_WARN_INT_CONVERSION = YES;
				CLANG_WARN_OBJC_ROOT_CLASS = YES_ERROR;
				CLANG_WARN_UNREACHABLE_CODE = YES;
				CLANG_WARN__DUPLICATE_METHOD_MATCH = YES;
				"CODE_SIGN_IDENTITY[sdk=iphoneos*]" = "iPhone Developer";
				COPY_PHASE_STRIP = NO;
				DEBUG_INFORMATION_FORMAT = dwarf;
				ENABLE_STRICT_OBJC_MSGSEND = YES;
				ENABLE_TESTABILITY = YES;
				GCC_C_LANGUAGE_STANDARD = gnu99;
				GCC_DYNAMIC_NO_PIC = NO;
				GCC_NO_COMMON_BLOCKS = YES;
				GCC_OPTIMIZATION_LEVEL = 0;
				GCC_PREPROCESSOR_DEFINITIONS = (
					"DEBUG=1",
					"$(inherited)",
				);
				GCC_WARN_64_TO_32_BIT_CONVERSION = YES;
				GCC_WARN_ABOUT_RETURN_TYPE = YES_ERROR;
				GCC_WARN_UNDECLARED_SELECTOR = YES;
				GCC_WARN_UNINITIALIZED_AUTOS = YES_AGGRESSIVE;
				GCC_WARN_UNUSED_FUNCTION = YES;
				GCC_WARN_UNUSED_VARIABLE = YES;
				IPHONEOS_DEPLOYMENT_TARGET = 9.0;
				MTL_ENABLE_DEBUG_INFO = YES;
				ONLY_ACTIVE_ARCH = YES;
				SDKROOT = iphoneos;
			};
			name = Debug;
		};
		B8B997661BE3FB9600C0ABCE /* Release */ = {
			isa = XCBuildConfiguration;
			buildSettings = {
				ALWAYS_SEARCH_USER_PATHS = NO;
				CLANG_ALLOW_NON_MODULAR_INCLUDES_IN_FRAMEWORK_MODULES = YES;
				CLANG_CXX_LANGUAGE_STANDARD = "gnu++0x";
				CLANG_CXX_LIBRARY = "libc++";
				CLANG_ENABLE_MODULES = YES;
				CLANG_ENABLE_OBJC_ARC = YES;
				CLANG_WARN_BOOL_CONVERSION = YES;
				CLANG_WARN_CONSTANT_CONVERSION = YES;
				CLANG_WARN_DIRECT_OBJC_ISA_USAGE = YES_ERROR;
				CLANG_WARN_EMPTY_BODY = YES;
				CLANG_WARN_ENUM_CONVERSION = YES;
				CLANG_WARN_INT_CONVERSION = YES;
				CLANG_WARN_OBJC_ROOT_CLASS = YES_ERROR;
				CLANG_WARN_UNREACHABLE_CODE = YES;
				CLANG_WARN__DUPLICATE_METHOD_MATCH = YES;
				"CODE_SIGN_IDENTITY[sdk=iphoneos*]" = "iPhone Developer";
				COPY_PHASE_STRIP = NO;
				DEBUG_INFORMATION_FORMAT = "dwarf-with-dsym";
				ENABLE_NS_ASSERTIONS = NO;
				ENABLE_STRICT_OBJC_MSGSEND = YES;
				GCC_C_LANGUAGE_STANDARD = gnu99;
				GCC_NO_COMMON_BLOCKS = YES;
				GCC_WARN_64_TO_32_BIT_CONVERSION = YES;
				GCC_WARN_ABOUT_RETURN_TYPE = YES_ERROR;
				GCC_WARN_UNDECLARED_SELECTOR = YES;
				GCC_WARN_UNINITIALIZED_AUTOS = YES_AGGRESSIVE;
				GCC_WARN_UNUSED_FUNCTION = YES;
				GCC_WARN_UNUSED_VARIABLE = YES;
				IPHONEOS_DEPLOYMENT_TARGET = 9.0;
				MTL_ENABLE_DEBUG_INFO = NO;
				SDKROOT = iphoneos;
				VALIDATE_PRODUCT = YES;
			};
			name = Release;
		};
		B8B997681BE3FB9600C0ABCE /* Debug */ = {
			isa = XCBuildConfiguration;
			baseConfigurationReference = 7DF418781586C31B595FA22D /* Pods-NotificationDemo.debug.xcconfig */;
			buildSettings = {
				ASSETCATALOG_COMPILER_APPICON_NAME = AppIcon;
				CODE_SIGN_IDENTITY = "iPhone Developer";
				HEADER_SEARCH_PATHS = "$(BUILT_PRODUCTS_DIR)/**";
				INFOPLIST_FILE = "$(SRCROOT)/NotificationDemo/Info.plist";
				LD_RUNPATH_SEARCH_PATHS = "$(inherited) @executable_path/Frameworks";
				PRODUCT_BUNDLE_IDENTIFIER = org.kaaproject.EventDemo;
				PRODUCT_NAME = NotificationDemo;
			};
			name = Debug;
		};
		B8B997691BE3FB9600C0ABCE /* Release */ = {
			isa = XCBuildConfiguration;
			baseConfigurationReference = 641940E3A15483418D47EC72 /* Pods-NotificationDemo.release.xcconfig */;
			buildSettings = {
				ASSETCATALOG_COMPILER_APPICON_NAME = AppIcon;
				CODE_SIGN_IDENTITY = "iPhone Developer";
				HEADER_SEARCH_PATHS = "$(BUILT_PRODUCTS_DIR)/**";
				INFOPLIST_FILE = "$(SRCROOT)/NotificationDemo/Info.plist";
				LD_RUNPATH_SEARCH_PATHS = "$(inherited) @executable_path/Frameworks";
				PRODUCT_BUNDLE_IDENTIFIER = org.kaaproject.EventDemo;
				PRODUCT_NAME = NotificationDemo;
			};
			name = Release;
		};
/* End XCBuildConfiguration section */

/* Begin XCConfigurationList section */
		B8B9974B1BE3FB9600C0ABCE /* Build configuration list for PBXProject "NotificationDemo" */ = {
			isa = XCConfigurationList;
			buildConfigurations = (
				B8B997651BE3FB9600C0ABCE /* Debug */,
				B8B997661BE3FB9600C0ABCE /* Release */,
			);
			defaultConfigurationIsVisible = 0;
			defaultConfigurationName = Release;
		};
		B8B997671BE3FB9600C0ABCE /* Build configuration list for PBXNativeTarget "NotificationDemo" */ = {
			isa = XCConfigurationList;
			buildConfigurations = (
				B8B997681BE3FB9600C0ABCE /* Debug */,
				B8B997691BE3FB9600C0ABCE /* Release */,
			);
			defaultConfigurationIsVisible = 0;
			defaultConfigurationName = Release;
		};
/* End XCConfigurationList section */
	};
	rootObject = B8B997481BE3FB9600C0ABCE /* Project object */;
}
